
Microsoft Visual Studio Solution File, Format Version 12.00
# Visual Studio Version 17
VisualStudioVersion = 17.0.32112.339
MinimumVisualStudioVersion = 10.0.40219.1
Project("{8BC9CEB8-8B4A-11D0-8D11-00A0C91BC942}") = "String-Targem", "String-Targem\String-Targem.vcxproj", "{F0168C7E-30A3-45E5-8A70-4E65699ABC90}"
EndProject
Global
	GlobalSection(SolutionConfigurationPlatforms) = preSolution
		Debug|x64 = Debug|x64
		Debug|x86 = Debug|x86
		Release|x64 = Release|x64
		Release|x86 = Release|x86
	EndGlobalSection
	GlobalSection(ProjectConfigurationPlatforms) = postSolution
		{F0168C7E-30A3-45E5-8A70-4E65699ABC90}.Debug|x64.ActiveCfg = Debug|x64
		{F0168C7E-30A3-45E5-8A70-4E65699ABC90}.Debug|x64.Build.0 = Debug|x64
		{F0168C7E-30A3-45E5-8A70-4E65699ABC90}.Debug|x86.ActiveCfg = Debug|Win32
		{F0168C7E-30A3-45E5-8A70-4E65699ABC90}.Debug|x86.Build.0 = Debug|Win32
		{F0168C7E-30A3-45E5-8A70-4E65699ABC90}.Release|x64.ActiveCfg = Release|x64
		{F0168C7E-30A3-45E5-8A70-4E65699ABC90}.Release|x64.Build.0 = Release|x64
		{F0168C7E-30A3-45E5-8A70-4E65699ABC90}.Release|x86.ActiveCfg = Release|Win32
		{F0168C7E-30A3-45E5-8A70-4E65699ABC90}.Release|x86.Build.0 = Release|Win32
	EndGlobalSection
	GlobalSection(SolutionProperties) = preSolution
		HideSolutionNode = FALSE
	EndGlobalSection
	GlobalSection(ExtensibilityGlobals) = postSolution
		SolutionGuid = {40B4196F-4CC2-4C43-B4AB-32425662BF6F}
	EndGlobalSection
EndGlobal
